
Microsoft Visual Studio Solution File, Format Version 12.00
Project("{FAE04EC0-301F-11D3-BF4B-00C04F79EFBC}") = "DotnetReview", "DotnetReview\DotnetReview.csproj", "{F0209665-5748-4080-BC18-6655096F15FF}"
EndProject
Project("{FAE04EC0-301F-11D3-BF4B-00C04F79EFBC}") = "pooCalculaIdade", "pooCalculaIdade\pooCalculaIdade.csproj", "{9D4A6C03-4221-4F21-8953-0E910148A298}"
EndProject
Project("{FAE04EC0-301F-11D3-BF4B-00C04F79EFBC}") = "PooControleDeAnimais", "PooControleDeAnimais\PooControleDeAnimais.csproj", "{F04C440E-F307-4572-BF7A-EFA171A65EE8}"
EndProject
Project("{FAE04EC0-301F-11D3-BF4B-00C04F79EFBC}") = "pooMaiorIdade", "pooMaiorIdade\pooMaiorIdade.csproj", "{6D797F92-9852-472F-893E-FC34CBD3AAFE}"
EndProject
Project("{FAE04EC0-301F-11D3-BF4B-00C04F79EFBC}") = "pooAreaRetangulo", "pooAreaRetangulo\pooAreaRetangulo.csproj", "{494D9D54-BD93-4493-8DEC-3C7E40BEE2CA}"
EndProject
Project("{FAE04EC0-301F-11D3-BF4B-00C04F79EFBC}") = "pooHoraDoPitch", "pooHoraDoPitch\pooHoraDoPitch.csproj", "{96B56287-39F9-47FF-9317-4424E349B797}"
EndProject
Project("{FAE04EC0-301F-11D3-BF4B-00C04F79EFBC}") = "pooPokemon", "pooPokemon\pooPokemon.csproj", "{92676627-BBBB-4453-ADDC-6F01AE3154ED}"
EndProject
Project("{FAE04EC0-301F-11D3-BF4B-00C04F79EFBC}") = "pooPokemonV2", "pooPokemonV2\pooPokemonV2.csproj", "{4C5DF97A-0615-481D-AC8B-072724CED3E6}"
EndProject
Project("{FAE04EC0-301F-11D3-BF4B-00C04F79EFBC}") = "pooIoT", "pooIoT\pooIoT.csproj", "{8149C177-4D9C-4924-BF01-2292CDE1A12B}"
EndProject
Global
	GlobalSection(SolutionConfigurationPlatforms) = preSolution
		Debug|Any CPU = Debug|Any CPU
		Release|Any CPU = Release|Any CPU
	EndGlobalSection
	GlobalSection(ProjectConfigurationPlatforms) = postSolution
		{F0209665-5748-4080-BC18-6655096F15FF}.Debug|Any CPU.ActiveCfg = Debug|Any CPU
		{F0209665-5748-4080-BC18-6655096F15FF}.Debug|Any CPU.Build.0 = Debug|Any CPU
		{F0209665-5748-4080-BC18-6655096F15FF}.Release|Any CPU.ActiveCfg = Release|Any CPU
		{F0209665-5748-4080-BC18-6655096F15FF}.Release|Any CPU.Build.0 = Release|Any CPU
		{9D4A6C03-4221-4F21-8953-0E910148A298}.Debug|Any CPU.ActiveCfg = Debug|Any CPU
		{9D4A6C03-4221-4F21-8953-0E910148A298}.Debug|Any CPU.Build.0 = Debug|Any CPU
		{9D4A6C03-4221-4F21-8953-0E910148A298}.Release|Any CPU.ActiveCfg = Release|Any CPU
		{9D4A6C03-4221-4F21-8953-0E910148A298}.Release|Any CPU.Build.0 = Release|Any CPU
		{F04C440E-F307-4572-BF7A-EFA171A65EE8}.Debug|Any CPU.ActiveCfg = Debug|Any CPU
		{F04C440E-F307-4572-BF7A-EFA171A65EE8}.Debug|Any CPU.Build.0 = Debug|Any CPU
		{F04C440E-F307-4572-BF7A-EFA171A65EE8}.Release|Any CPU.ActiveCfg = Release|Any CPU
		{F04C440E-F307-4572-BF7A-EFA171A65EE8}.Release|Any CPU.Build.0 = Release|Any CPU
		{6D797F92-9852-472F-893E-FC34CBD3AAFE}.Debug|Any CPU.ActiveCfg = Debug|Any CPU
		{6D797F92-9852-472F-893E-FC34CBD3AAFE}.Debug|Any CPU.Build.0 = Debug|Any CPU
		{6D797F92-9852-472F-893E-FC34CBD3AAFE}.Release|Any CPU.ActiveCfg = Release|Any CPU
		{6D797F92-9852-472F-893E-FC34CBD3AAFE}.Release|Any CPU.Build.0 = Release|Any CPU
		{494D9D54-BD93-4493-8DEC-3C7E40BEE2CA}.Debug|Any CPU.ActiveCfg = Debug|Any CPU
		{494D9D54-BD93-4493-8DEC-3C7E40BEE2CA}.Debug|Any CPU.Build.0 = Debug|Any CPU
		{494D9D54-BD93-4493-8DEC-3C7E40BEE2CA}.Release|Any CPU.ActiveCfg = Release|Any CPU
		{494D9D54-BD93-4493-8DEC-3C7E40BEE2CA}.Release|Any CPU.Build.0 = Release|Any CPU
		{96B56287-39F9-47FF-9317-4424E349B797}.Debug|Any CPU.ActiveCfg = Debug|Any CPU
		{96B56287-39F9-47FF-9317-4424E349B797}.Debug|Any CPU.Build.0 = Debug|Any CPU
		{96B56287-39F9-47FF-9317-4424E349B797}.Release|Any CPU.ActiveCfg = Release|Any CPU
		{96B56287-39F9-47FF-9317-4424E349B797}.Release|Any CPU.Build.0 = Release|Any CPU
		{92676627-BBBB-4453-ADDC-6F01AE3154ED}.Debug|Any CPU.ActiveCfg = Debug|Any CPU
		{92676627-BBBB-4453-ADDC-6F01AE3154ED}.Debug|Any CPU.Build.0 = Debug|Any CPU
		{92676627-BBBB-4453-ADDC-6F01AE3154ED}.Release|Any CPU.ActiveCfg = Release|Any CPU
		{92676627-BBBB-4453-ADDC-6F01AE3154ED}.Release|Any CPU.Build.0 = Release|Any CPU
		{4C5DF97A-0615-481D-AC8B-072724CED3E6}.Debug|Any CPU.ActiveCfg = Debug|Any CPU
		{4C5DF97A-0615-481D-AC8B-072724CED3E6}.Debug|Any CPU.Build.0 = Debug|Any CPU
		{4C5DF97A-0615-481D-AC8B-072724CED3E6}.Release|Any CPU.ActiveCfg = Release|Any CPU
		{4C5DF97A-0615-481D-AC8B-072724CED3E6}.Release|Any CPU.Build.0 = Release|Any CPU
		{8149C177-4D9C-4924-BF01-2292CDE1A12B}.Debug|Any CPU.ActiveCfg = Debug|Any CPU
		{8149C177-4D9C-4924-BF01-2292CDE1A12B}.Debug|Any CPU.Build.0 = Debug|Any CPU
		{8149C177-4D9C-4924-BF01-2292CDE1A12B}.Release|Any CPU.ActiveCfg = Release|Any CPU
		{8149C177-4D9C-4924-BF01-2292CDE1A12B}.Release|Any CPU.Build.0 = Release|Any CPU
	EndGlobalSection
EndGlobal
